
Microsoft Visual Studio Solution File, Format Version 12.00
# Visual Studio Version 17
VisualStudioVersion = 17.1.32210.238
MinimumVisualStudioVersion = 10.0.40219.1
Project("{FAE04EC0-301F-11D3-BF4B-00C04F79EFBC}") = "ExamenP11", "ExamenP11\ExamenP11.csproj", "{6531BC53-C2D6-40C4-82AB-F9753D25B145}"
EndProject
Global
	GlobalSection(SolutionConfigurationPlatforms) = preSolution
		Debug|Any CPU = Debug|Any CPU
		Release|Any CPU = Release|Any CPU
	EndGlobalSection
	GlobalSection(ProjectConfigurationPlatforms) = postSolution
		{6531BC53-C2D6-40C4-82AB-F9753D25B145}.Debug|Any CPU.ActiveCfg = Debug|Any CPU
		{6531BC53-C2D6-40C4-82AB-F9753D25B145}.Debug|Any CPU.Build.0 = Debug|Any CPU
		{6531BC53-C2D6-40C4-82AB-F9753D25B145}.Release|Any CPU.ActiveCfg = Release|Any CPU
		{6531BC53-C2D6-40C4-82AB-F9753D25B145}.Release|Any CPU.Build.0 = Release|Any CPU
	EndGlobalSection
	GlobalSection(SolutionProperties) = preSolution
		HideSolutionNode = FALSE
	EndGlobalSection
	GlobalSection(ExtensibilityGlobals) = postSolution
		SolutionGuid = {397F61E7-6B68-4815-8E1F-CBAD837AD0C5}
	EndGlobalSection
EndGlobal
